{
  "requires": true,
  "lockfileVersion": 1,
  "dependencies": {
    "@types/geojson": {
      "version": "7946.0.10",
      "resolved": "https://registry.npmjs.org/@types/geojson/-/geojson-7946.0.10.tgz",
      "integrity": "sha512-Nmh0K3iWQJzniTuPRcJn5hxXkfB1T1pgB89SBig5PlJQU5yocazeu4jATJlaA0GYFKWMqDdvYemoSnF2pXgLVA=="
    },
    "@types/mapbox-gl": {
      "version": "2.7.11",
      "resolved": "https://registry.npmjs.org/@types/mapbox-gl/-/mapbox-gl-2.7.11.tgz",
      "integrity": "sha512-4vSwPSTQIawZTFRiTY2R74aZwAiM9gE6KGj871xdyAPpa+DmEObXxQQXqL2PsMH31/rP9nxJ2Kv0boeTVJMXVw==",
      "requires": {
        "@types/geojson": "*"
      }
    },
    "react-map-gl": {
      "version": "7.0.25",
      "resolved": "https://registry.npmjs.org/react-map-gl/-/react-map-gl-7.0.25.tgz",
      "integrity": "sha512-8aZfbDKxVcJnmTEC1eQ00VnTOu722i5wqnx+lV8VHN37ZvWEfMgb84EQ2kW6w/Q3zq6oZqP4helF7u4ydPFLtA==",
      "requires": {
        "@types/mapbox-gl": "^2.6.0"
      }
    }
  }
}
